
Microsoft Visual Studio Solution File, Format Version 12.00
# Visual Studio Version 17
VisualStudioVersion = 17.14.36327.8 d17.14
MinimumVisualStudioVersion = 10.0.40219.1
Project("{8BC9CEB8-8B4A-11D0-8D11-00A0C91BC942}") = "Zadanie1", "Zadanie1\Zadanie1.vcxproj", "{0AEB50C6-60C6-49F2-88F7-55A03142C868}"
EndProject
Global
	GlobalSection(SolutionConfigurationPlatforms) = preSolution
		Debug|x64 = Debug|x64
		Debug|x86 = Debug|x86
		Release|x64 = Release|x64
		Release|x86 = Release|x86
	EndGlobalSection
	GlobalSection(ProjectConfigurationPlatforms) = postSolution
		{0AEB50C6-60C6-49F2-88F7-55A03142C868}.Debug|x64.ActiveCfg = Debug|x64
		{0AEB50C6-60C6-49F2-88F7-55A03142C868}.Debug|x64.Build.0 = Debug|x64
		{0AEB50C6-60C6-49F2-88F7-55A03142C868}.Debug|x86.ActiveCfg = Debug|Win32
		{0AEB50C6-60C6-49F2-88F7-55A03142C868}.Debug|x86.Build.0 = Debug|Win32
		{0AEB50C6-60C6-49F2-88F7-55A03142C868}.Release|x64.ActiveCfg = Release|x64
		{0AEB50C6-60C6-49F2-88F7-55A03142C868}.Release|x64.Build.0 = Release|x64
		{0AEB50C6-60C6-49F2-88F7-55A03142C868}.Release|x86.ActiveCfg = Release|Win32
		{0AEB50C6-60C6-49F2-88F7-55A03142C868}.Release|x86.Build.0 = Release|Win32
	EndGlobalSection
	GlobalSection(SolutionProperties) = preSolution
		HideSolutionNode = FALSE
	EndGlobalSection
	GlobalSection(ExtensibilityGlobals) = postSolution
		SolutionGuid = {B302BE13-AEAF-4062-9F97-DB7B4B530538}
	EndGlobalSection
EndGlobal
